
Microsoft Visual Studio Solution File, Format Version 12.00
Project("{FAE04EC0-301F-11D3-BF4B-00C04F79EFBC}") = "CascadeRepos", "src\CascadeRepos\CascadeRepos.csproj", "{4DA22FB0-83F9-4970-B92F-5892C5D57A86}"
EndProject
Project("{FAE04EC0-301F-11D3-BF4B-00C04F79EFBC}") = "CascadeRepos.UnitTests", "tests\CascadeRepos.UnitTests\CascadeRepos.UnitTests.csproj", "{4C7D3132-B2F1-4525-A7FC-EFE0AB8DE406}"
EndProject
Global
	GlobalSection(SolutionConfigurationPlatforms) = preSolution
		Debug|Any CPU = Debug|Any CPU
		Release|Any CPU = Release|Any CPU
	EndGlobalSection
	GlobalSection(ProjectConfigurationPlatforms) = postSolution
		{4DA22FB0-83F9-4970-B92F-5892C5D57A86}.Debug|Any CPU.ActiveCfg = Debug|Any CPU
		{4DA22FB0-83F9-4970-B92F-5892C5D57A86}.Debug|Any CPU.Build.0 = Debug|Any CPU
		{4DA22FB0-83F9-4970-B92F-5892C5D57A86}.Release|Any CPU.ActiveCfg = Release|Any CPU
		{4DA22FB0-83F9-4970-B92F-5892C5D57A86}.Release|Any CPU.Build.0 = Release|Any CPU
		{4C7D3132-B2F1-4525-A7FC-EFE0AB8DE406}.Debug|Any CPU.ActiveCfg = Debug|Any CPU
		{4C7D3132-B2F1-4525-A7FC-EFE0AB8DE406}.Debug|Any CPU.Build.0 = Debug|Any CPU
		{4C7D3132-B2F1-4525-A7FC-EFE0AB8DE406}.Release|Any CPU.ActiveCfg = Release|Any CPU
		{4C7D3132-B2F1-4525-A7FC-EFE0AB8DE406}.Release|Any CPU.Build.0 = Release|Any CPU
	EndGlobalSection
EndGlobal
